
Microsoft Visual Studio Solution File, Format Version 12.00
# Visual Studio Version 17
VisualStudioVersion = 17.10.35013.160
MinimumVisualStudioVersion = 10.0.40219.1
Project("{FAE04EC0-301F-11D3-BF4B-00C04F79EFBC}") = "Hash Table", "Hash Table\Hash Table.csproj", "{DDB50007-8391-4166-8D54-CB85559FB33A}"
EndProject
Global
	GlobalSection(SolutionConfigurationPlatforms) = preSolution
		Debug|Any CPU = Debug|Any CPU
		Release|Any CPU = Release|Any CPU
	EndGlobalSection
	GlobalSection(ProjectConfigurationPlatforms) = postSolution
		{DDB50007-8391-4166-8D54-CB85559FB33A}.Debug|Any CPU.ActiveCfg = Debug|Any CPU
		{DDB50007-8391-4166-8D54-CB85559FB33A}.Debug|Any CPU.Build.0 = Debug|Any CPU
		{DDB50007-8391-4166-8D54-CB85559FB33A}.Release|Any CPU.ActiveCfg = Release|Any CPU
		{DDB50007-8391-4166-8D54-CB85559FB33A}.Release|Any CPU.Build.0 = Release|Any CPU
	EndGlobalSection
	GlobalSection(SolutionProperties) = preSolution
		HideSolutionNode = FALSE
	EndGlobalSection
	GlobalSection(ExtensibilityGlobals) = postSolution
		SolutionGuid = {AC8B6C4D-411F-453D-965A-AEBFC07E4274}
	EndGlobalSection
EndGlobal
